
Microsoft Visual Studio Solution File, Format Version 12.00
# Visual Studio Version 17
VisualStudioVersion = 17.11.35327.3
MinimumVisualStudioVersion = 10.0.40219.1
Project("{FAE04EC0-301F-11D3-BF4B-00C04F79EFBC}") = "DeliveryProvider.Presentation", "DeliveryProvider.Presentation\DeliveryProvider.Presentation.csproj", "{7693A94E-1729-4C70-864D-718916185E59}"
EndProject
Project("{FAE04EC0-301F-11D3-BF4B-00C04F79EFBC}") = "DeliveryProvider.Business", "DeliveryProvider.Business\DeliveryProvider.Business.csproj", "{9768836D-D1AF-4EAB-A903-1D09D0FD77F2}"
EndProject
Project("{FAE04EC0-301F-11D3-BF4B-00C04F79EFBC}") = "DeliveryProvider.Data", "DeliveryProvider.Data\DeliveryProvider.Data.csproj", "{481C6B1A-3DD9-4416-8251-219A8DCFFAF8}"
EndProject
Project("{FAE04EC0-301F-11D3-BF4B-00C04F79EFBC}") = "DeliveryProvider.Domain", "DeliveryProvider.Domain\DeliveryProvider.Domain.csproj", "{D3235824-781F-4F4F-811D-CD29A37B6244}"
EndProject
Project("{FAE04EC0-301F-11D3-BF4B-00C04F79EFBC}") = "DeliveryProvider.Tests", "DeliveryProvider.Tests\DeliveryProvider.Tests.csproj", "{1838A314-9A13-4F41-8F21-1DFD1129FBF6}"
EndProject
Global
	GlobalSection(SolutionConfigurationPlatforms) = preSolution
		Debug|Any CPU = Debug|Any CPU
		Release|Any CPU = Release|Any CPU
	EndGlobalSection
	GlobalSection(ProjectConfigurationPlatforms) = postSolution
		{7693A94E-1729-4C70-864D-718916185E59}.Debug|Any CPU.ActiveCfg = Debug|Any CPU
		{7693A94E-1729-4C70-864D-718916185E59}.Debug|Any CPU.Build.0 = Debug|Any CPU
		{7693A94E-1729-4C70-864D-718916185E59}.Release|Any CPU.ActiveCfg = Release|Any CPU
		{7693A94E-1729-4C70-864D-718916185E59}.Release|Any CPU.Build.0 = Release|Any CPU
		{9768836D-D1AF-4EAB-A903-1D09D0FD77F2}.Debug|Any CPU.ActiveCfg = Debug|Any CPU
		{9768836D-D1AF-4EAB-A903-1D09D0FD77F2}.Debug|Any CPU.Build.0 = Debug|Any CPU
		{9768836D-D1AF-4EAB-A903-1D09D0FD77F2}.Release|Any CPU.ActiveCfg = Release|Any CPU
		{9768836D-D1AF-4EAB-A903-1D09D0FD77F2}.Release|Any CPU.Build.0 = Release|Any CPU
		{481C6B1A-3DD9-4416-8251-219A8DCFFAF8}.Debug|Any CPU.ActiveCfg = Debug|Any CPU
		{481C6B1A-3DD9-4416-8251-219A8DCFFAF8}.Debug|Any CPU.Build.0 = Debug|Any CPU
		{481C6B1A-3DD9-4416-8251-219A8DCFFAF8}.Release|Any CPU.ActiveCfg = Release|Any CPU
		{481C6B1A-3DD9-4416-8251-219A8DCFFAF8}.Release|Any CPU.Build.0 = Release|Any CPU
		{D3235824-781F-4F4F-811D-CD29A37B6244}.Debug|Any CPU.ActiveCfg = Debug|Any CPU
		{D3235824-781F-4F4F-811D-CD29A37B6244}.Debug|Any CPU.Build.0 = Debug|Any CPU
		{D3235824-781F-4F4F-811D-CD29A37B6244}.Release|Any CPU.ActiveCfg = Release|Any CPU
		{D3235824-781F-4F4F-811D-CD29A37B6244}.Release|Any CPU.Build.0 = Release|Any CPU
		{1838A314-9A13-4F41-8F21-1DFD1129FBF6}.Debug|Any CPU.ActiveCfg = Debug|Any CPU
		{1838A314-9A13-4F41-8F21-1DFD1129FBF6}.Debug|Any CPU.Build.0 = Debug|Any CPU
		{1838A314-9A13-4F41-8F21-1DFD1129FBF6}.Release|Any CPU.ActiveCfg = Release|Any CPU
		{1838A314-9A13-4F41-8F21-1DFD1129FBF6}.Release|Any CPU.Build.0 = Release|Any CPU
	EndGlobalSection
	GlobalSection(SolutionProperties) = preSolution
		HideSolutionNode = FALSE
	EndGlobalSection
	GlobalSection(ExtensibilityGlobals) = postSolution
		SolutionGuid = {05D19BB7-3572-41F9-B779-B6E69DC3C889}
	EndGlobalSection
EndGlobal
